
Microsoft Visual Studio Solution File, Format Version 12.00
# Visual Studio Version 17
VisualStudioVersion = 17.4.33213.308
MinimumVisualStudioVersion = 10.0.40219.1
Project("{FAE04EC0-301F-11D3-BF4B-00C04F79EFBC}") = "ANALISI AUTISTI", "ANALISI AUTISTI.csproj", "{8BEEFCB6-32B4-47D9-8D0D-5EC640C64911}"
EndProject
Global
	GlobalSection(SolutionConfigurationPlatforms) = preSolution
		Debug|Any CPU = Debug|Any CPU
		Release|Any CPU = Release|Any CPU
	EndGlobalSection
	GlobalSection(ProjectConfigurationPlatforms) = postSolution
		{8BEEFCB6-32B4-47D9-8D0D-5EC640C64911}.Debug|Any CPU.ActiveCfg = Debug|Any CPU
		{8BEEFCB6-32B4-47D9-8D0D-5EC640C64911}.Debug|Any CPU.Build.0 = Debug|Any CPU
		{8BEEFCB6-32B4-47D9-8D0D-5EC640C64911}.Release|Any CPU.ActiveCfg = Release|Any CPU
		{8BEEFCB6-32B4-47D9-8D0D-5EC640C64911}.Release|Any CPU.Build.0 = Release|Any CPU
	EndGlobalSection
	GlobalSection(SolutionProperties) = preSolution
		HideSolutionNode = FALSE
	EndGlobalSection
	GlobalSection(ExtensibilityGlobals) = postSolution
		SolutionGuid = {A6C1C282-CB6F-4960-AA1C-E7A2B88AB0C6}
	EndGlobalSection
EndGlobal
